<?xml version="1.0" encoding="utf-8"?>
<Project ToolsVersion="4.0" xmlns="http://schemas.microsoft.com/developer/msbuild/2003">
  <ItemGroup>
    <ClCompile Include="..\native\jack.cpp" />
    <ClCompile Include="..\native\vm\garbagecollection.cpp">
      <Filter>vm</Filter>
    </ClCompile>
    <ClCompile Include="..\native\classes\classes.cpp">
      <Filter>classes</Filter>
    </ClCompile>
    <ClCompile Include="..\native\classes\jack_Arithmetic.cpp">
      <Filter>classes</Filter>
    </ClCompile>
    <ClCompile Include="..\native\classes\jack_Arrays.cpp">
      <Filter>classes</Filter>
    </ClCompile>
    <ClCompile Include="..\native\classes\jack_ArrayTest.cpp">
      <Filter>classes</Filter>
    </ClCompile>
    <ClCompile Include="..\native\classes\jack_Main.cpp">
      <Filter>classes</Filter>
    </ClCompile>
    <ClCompile Include="..\native\classes\jack_Primes.cpp">
      <Filter>classes</Filter>
    </ClCompile>
    <ClCompile Include="..\native\classes\jack_Statics.cpp">
      <Filter>classes</Filter>
    </ClCompile>
    <ClCompile Include="..\native\classes\java_lang_Comparable.cpp">
      <Filter>classes</Filter>
    </ClCompile>
    <ClCompile Include="..\native\classes\java_lang_Object.cpp">
      <Filter>classes</Filter>
    </ClCompile>
  </ItemGroup>
  <ItemGroup>
    <ClInclude Include="..\native\vm\array.h">
      <Filter>vm</Filter>
    </ClInclude>
    <ClInclude Include="..\native\vm\types.h">
      <Filter>vm</Filter>
    </ClInclude>
    <ClInclude Include="..\native\vm\garbagecollection.h">
      <Filter>vm</Filter>
    </ClInclude>
    <ClInclude Include="..\native\classes\classes.h">
      <Filter>classes</Filter>
    </ClInclude>
    <ClInclude Include="..\native\classes\jack_Arithmetic.h">
      <Filter>classes</Filter>
    </ClInclude>
    <ClInclude Include="..\native\classes\jack_Arrays.h">
      <Filter>classes</Filter>
    </ClInclude>
    <ClInclude Include="..\native\classes\jack_ArrayTest.h">
      <Filter>classes</Filter>
    </ClInclude>
    <ClInclude Include="..\native\classes\jack_Main.h">
      <Filter>classes</Filter>
    </ClInclude>
    <ClInclude Include="..\native\classes\jack_Primes.h">
      <Filter>classes</Filter>
    </ClInclude>
    <ClInclude Include="..\native\classes\jack_Statics.h">
      <Filter>classes</Filter>
    </ClInclude>
    <ClInclude Include="..\native\classes\java_lang_Comparable.h">
      <Filter>classes</Filter>
    </ClInclude>
    <ClInclude Include="..\native\classes\java_lang_Object.h">
      <Filter>classes</Filter>
    </ClInclude>
  </ItemGroup>
  <ItemGroup>
    <Filter Include="vm">
      <UniqueIdentifier>{9f074ac1-44e4-4cd8-815f-a0ca62bece98}</UniqueIdentifier>
    </Filter>
    <Filter Include="classes">
      <UniqueIdentifier>{2e89081b-8280-497e-a7e4-efaaa9cb526a}</UniqueIdentifier>
    </Filter>
  </ItemGroup>
</Project>